
Microsoft Visual Studio Solution File, Format Version 12.00
# Visual Studio Version 17
VisualStudioVersion = 17.11.35327.3
MinimumVisualStudioVersion = 10.0.40219.1
Project("{2150E333-8FDC-42A3-9474-1A3956D46DE8}") = "Services", "Services", "{DC326503-F763-43BE-8E20-80D09246ADD4}"
EndProject
Project("{2150E333-8FDC-42A3-9474-1A3956D46DE8}") = "Catalog", "Catalog", "{D667EE6F-DD44-4924-B7D7-1124B2392E10}"
EndProject
Project("{9A19103F-16F7-4668-BE54-9A1E7A4F7556}") = "Catalog.API", "Services\Catalog\Catalog.API\Catalog.API.csproj", "{144C4986-53B4-47E8-9ED0-A58E14601302}"
EndProject
Project("{2150E333-8FDC-42A3-9474-1A3956D46DE8}") = "BuildingBlocks", "BuildingBlocks", "{D1A96A1C-AADE-4C2C-9259-7F612F4F4B75}"
EndProject
Project("{9A19103F-16F7-4668-BE54-9A1E7A4F7556}") = "BuildingBlocks", "BuildingBlocks\BuildingBlocks\BuildingBlocks.csproj", "{DC37ABAA-1156-4F4F-A906-63A46CAF5287}"
EndProject
Project("{E53339B2-1760-4266-BCC7-CA923CBCF16C}") = "docker-compose", "docker-compose.dcproj", "{1EF3FDDB-0E5D-4E19-8C88-13CE20F3B2B1}"
EndProject
Project("{2150E333-8FDC-42A3-9474-1A3956D46DE8}") = "Basket", "Basket", "{B40E095F-264A-49E8-BF53-DF1D44E6873B}"
EndProject
Project("{FAE04EC0-301F-11D3-BF4B-00C04F79EFBC}") = "Basket.API", "Services\Basket\Basket.API\Basket.API.csproj", "{9B4A71D0-709C-49DA-9D13-3B68EFC0E869}"
EndProject
Project("{2150E333-8FDC-42A3-9474-1A3956D46DE8}") = "Discount", "Discount", "{BA2F123A-F31D-49C6-B136-660EA622529A}"
EndProject
Project("{FAE04EC0-301F-11D3-BF4B-00C04F79EFBC}") = "Discount.Grpc", "Services\Discount\Discount.Grpc\Discount.Grpc.csproj", "{418D90B2-DE0B-4148-B10E-48DA754AD9BA}"
EndProject
Project("{2150E333-8FDC-42A3-9474-1A3956D46DE8}") = "Ordering", "Ordering", "{AEDEC064-BEAE-4B55-8521-7DB3DB6A5048}"
EndProject
Project("{FAE04EC0-301F-11D3-BF4B-00C04F79EFBC}") = "Ordering.API", "Services\Ordering\Ordering.API\Ordering.API.csproj", "{BF744B89-86F1-4A17-9CFF-670FBF8BEADB}"
EndProject
Project("{FAE04EC0-301F-11D3-BF4B-00C04F79EFBC}") = "Ordering.Domain", "Services\Ordering\Ordering.Domain\Ordering.Domain.csproj", "{4DCD58FF-A0B5-4589-BD7C-93769346FEFF}"
EndProject
Project("{FAE04EC0-301F-11D3-BF4B-00C04F79EFBC}") = "Ordering.Application", "Services\Ordering\Ordering.Application\Ordering.Application.csproj", "{28B454E7-8E77-4AF5-8E17-FF11C9F47C1E}"
EndProject
Project("{FAE04EC0-301F-11D3-BF4B-00C04F79EFBC}") = "Ordering.Infrastructure", "Services\Ordering\Ordering.Infrastructure\Ordering.Infrastructure.csproj", "{A21908FC-714E-4494-BF0A-5131FDD33715}"
EndProject
Global
	GlobalSection(SolutionConfigurationPlatforms) = preSolution
		Debug|Any CPU = Debug|Any CPU
		Release|Any CPU = Release|Any CPU
	EndGlobalSection
	GlobalSection(ProjectConfigurationPlatforms) = postSolution
		{144C4986-53B4-47E8-9ED0-A58E14601302}.Debug|Any CPU.ActiveCfg = Debug|Any CPU
		{144C4986-53B4-47E8-9ED0-A58E14601302}.Debug|Any CPU.Build.0 = Debug|Any CPU
		{144C4986-53B4-47E8-9ED0-A58E14601302}.Release|Any CPU.ActiveCfg = Release|Any CPU
		{144C4986-53B4-47E8-9ED0-A58E14601302}.Release|Any CPU.Build.0 = Release|Any CPU
		{DC37ABAA-1156-4F4F-A906-63A46CAF5287}.Debug|Any CPU.ActiveCfg = Debug|Any CPU
		{DC37ABAA-1156-4F4F-A906-63A46CAF5287}.Debug|Any CPU.Build.0 = Debug|Any CPU
		{DC37ABAA-1156-4F4F-A906-63A46CAF5287}.Release|Any CPU.ActiveCfg = Release|Any CPU
		{DC37ABAA-1156-4F4F-A906-63A46CAF5287}.Release|Any CPU.Build.0 = Release|Any CPU
		{1EF3FDDB-0E5D-4E19-8C88-13CE20F3B2B1}.Debug|Any CPU.ActiveCfg = Debug|Any CPU
		{1EF3FDDB-0E5D-4E19-8C88-13CE20F3B2B1}.Debug|Any CPU.Build.0 = Debug|Any CPU
		{1EF3FDDB-0E5D-4E19-8C88-13CE20F3B2B1}.Release|Any CPU.ActiveCfg = Release|Any CPU
		{1EF3FDDB-0E5D-4E19-8C88-13CE20F3B2B1}.Release|Any CPU.Build.0 = Release|Any CPU
		{9B4A71D0-709C-49DA-9D13-3B68EFC0E869}.Debug|Any CPU.ActiveCfg = Debug|Any CPU
		{9B4A71D0-709C-49DA-9D13-3B68EFC0E869}.Debug|Any CPU.Build.0 = Debug|Any CPU
		{9B4A71D0-709C-49DA-9D13-3B68EFC0E869}.Release|Any CPU.ActiveCfg = Release|Any CPU
		{9B4A71D0-709C-49DA-9D13-3B68EFC0E869}.Release|Any CPU.Build.0 = Release|Any CPU
		{418D90B2-DE0B-4148-B10E-48DA754AD9BA}.Debug|Any CPU.ActiveCfg = Debug|Any CPU
		{418D90B2-DE0B-4148-B10E-48DA754AD9BA}.Debug|Any CPU.Build.0 = Debug|Any CPU
		{418D90B2-DE0B-4148-B10E-48DA754AD9BA}.Release|Any CPU.ActiveCfg = Release|Any CPU
		{418D90B2-DE0B-4148-B10E-48DA754AD9BA}.Release|Any CPU.Build.0 = Release|Any CPU
		{BF744B89-86F1-4A17-9CFF-670FBF8BEADB}.Debug|Any CPU.ActiveCfg = Debug|Any CPU
		{BF744B89-86F1-4A17-9CFF-670FBF8BEADB}.Debug|Any CPU.Build.0 = Debug|Any CPU
		{BF744B89-86F1-4A17-9CFF-670FBF8BEADB}.Release|Any CPU.ActiveCfg = Release|Any CPU
		{BF744B89-86F1-4A17-9CFF-670FBF8BEADB}.Release|Any CPU.Build.0 = Release|Any CPU
		{4DCD58FF-A0B5-4589-BD7C-93769346FEFF}.Debug|Any CPU.ActiveCfg = Debug|Any CPU
		{4DCD58FF-A0B5-4589-BD7C-93769346FEFF}.Debug|Any CPU.Build.0 = Debug|Any CPU
		{4DCD58FF-A0B5-4589-BD7C-93769346FEFF}.Release|Any CPU.ActiveCfg = Release|Any CPU
		{4DCD58FF-A0B5-4589-BD7C-93769346FEFF}.Release|Any CPU.Build.0 = Release|Any CPU
		{28B454E7-8E77-4AF5-8E17-FF11C9F47C1E}.Debug|Any CPU.ActiveCfg = Debug|Any CPU
		{28B454E7-8E77-4AF5-8E17-FF11C9F47C1E}.Debug|Any CPU.Build.0 = Debug|Any CPU
		{28B454E7-8E77-4AF5-8E17-FF11C9F47C1E}.Release|Any CPU.ActiveCfg = Release|Any CPU
		{28B454E7-8E77-4AF5-8E17-FF11C9F47C1E}.Release|Any CPU.Build.0 = Release|Any CPU
		{A21908FC-714E-4494-BF0A-5131FDD33715}.Debug|Any CPU.ActiveCfg = Debug|Any CPU
		{A21908FC-714E-4494-BF0A-5131FDD33715}.Debug|Any CPU.Build.0 = Debug|Any CPU
		{A21908FC-714E-4494-BF0A-5131FDD33715}.Release|Any CPU.ActiveCfg = Release|Any CPU
		{A21908FC-714E-4494-BF0A-5131FDD33715}.Release|Any CPU.Build.0 = Release|Any CPU
	EndGlobalSection
	GlobalSection(SolutionProperties) = preSolution
		HideSolutionNode = FALSE
	EndGlobalSection
	GlobalSection(NestedProjects) = preSolution
		{D667EE6F-DD44-4924-B7D7-1124B2392E10} = {DC326503-F763-43BE-8E20-80D09246ADD4}
		{144C4986-53B4-47E8-9ED0-A58E14601302} = {D667EE6F-DD44-4924-B7D7-1124B2392E10}
		{DC37ABAA-1156-4F4F-A906-63A46CAF5287} = {D1A96A1C-AADE-4C2C-9259-7F612F4F4B75}
		{B40E095F-264A-49E8-BF53-DF1D44E6873B} = {DC326503-F763-43BE-8E20-80D09246ADD4}
		{9B4A71D0-709C-49DA-9D13-3B68EFC0E869} = {B40E095F-264A-49E8-BF53-DF1D44E6873B}
		{BA2F123A-F31D-49C6-B136-660EA622529A} = {DC326503-F763-43BE-8E20-80D09246ADD4}
		{418D90B2-DE0B-4148-B10E-48DA754AD9BA} = {BA2F123A-F31D-49C6-B136-660EA622529A}
		{AEDEC064-BEAE-4B55-8521-7DB3DB6A5048} = {DC326503-F763-43BE-8E20-80D09246ADD4}
		{BF744B89-86F1-4A17-9CFF-670FBF8BEADB} = {AEDEC064-BEAE-4B55-8521-7DB3DB6A5048}
		{4DCD58FF-A0B5-4589-BD7C-93769346FEFF} = {AEDEC064-BEAE-4B55-8521-7DB3DB6A5048}
		{28B454E7-8E77-4AF5-8E17-FF11C9F47C1E} = {AEDEC064-BEAE-4B55-8521-7DB3DB6A5048}
		{A21908FC-714E-4494-BF0A-5131FDD33715} = {AEDEC064-BEAE-4B55-8521-7DB3DB6A5048}
	EndGlobalSection
	GlobalSection(ExtensibilityGlobals) = postSolution
		SolutionGuid = {6B44B554-F88F-406B-8DFA-90BA321BF6E6}
	EndGlobalSection
EndGlobal
