
Microsoft Visual Studio Solution File, Format Version 12.00
# Visual Studio Version 17
VisualStudioVersion = 17.11.35327.3
MinimumVisualStudioVersion = 10.0.40219.1
Project("{2150E333-8FDC-42A3-9474-1A3956D46DE8}") = "Services", "Services", "{DC326503-F763-43BE-8E20-80D09246ADD4}"
EndProject
Project("{2150E333-8FDC-42A3-9474-1A3956D46DE8}") = "Catalog", "Catalog", "{D667EE6F-DD44-4924-B7D7-1124B2392E10}"
EndProject
Project("{FAE04EC0-301F-11D3-BF4B-00C04F79EFBC}") = "Catalog.API", "Services\Catalog\Catalog.API\Catalog.API.csproj", "{144C4986-53B4-47E8-9ED0-A58E14601302}"
EndProject
Project("{2150E333-8FDC-42A3-9474-1A3956D46DE8}") = "BuildingBlocks", "BuildingBlocks", "{D1A96A1C-AADE-4C2C-9259-7F612F4F4B75}"
EndProject
Project("{FAE04EC0-301F-11D3-BF4B-00C04F79EFBC}") = "BuildingBlocks", "BuildingBlocks\BuildingBlocks\BuildingBlocks.csproj", "{DC37ABAA-1156-4F4F-A906-63A46CAF5287}"
EndProject
Project("{E53339B2-1760-4266-BCC7-CA923CBCF16C}") = "docker-compose", "docker-compose.dcproj", "{1EF3FDDB-0E5D-4E19-8C88-13CE20F3B2B1}"
EndProject
Global
	GlobalSection(SolutionConfigurationPlatforms) = preSolution
		Debug|Any CPU = Debug|Any CPU
		Release|Any CPU = Release|Any CPU
	EndGlobalSection
	GlobalSection(ProjectConfigurationPlatforms) = postSolution
		{144C4986-53B4-47E8-9ED0-A58E14601302}.Debug|Any CPU.ActiveCfg = Debug|Any CPU
		{144C4986-53B4-47E8-9ED0-A58E14601302}.Debug|Any CPU.Build.0 = Debug|Any CPU
		{144C4986-53B4-47E8-9ED0-A58E14601302}.Release|Any CPU.ActiveCfg = Release|Any CPU
		{144C4986-53B4-47E8-9ED0-A58E14601302}.Release|Any CPU.Build.0 = Release|Any CPU
		{DC37ABAA-1156-4F4F-A906-63A46CAF5287}.Debug|Any CPU.ActiveCfg = Debug|Any CPU
		{DC37ABAA-1156-4F4F-A906-63A46CAF5287}.Debug|Any CPU.Build.0 = Debug|Any CPU
		{DC37ABAA-1156-4F4F-A906-63A46CAF5287}.Release|Any CPU.ActiveCfg = Release|Any CPU
		{DC37ABAA-1156-4F4F-A906-63A46CAF5287}.Release|Any CPU.Build.0 = Release|Any CPU
		{1EF3FDDB-0E5D-4E19-8C88-13CE20F3B2B1}.Debug|Any CPU.ActiveCfg = Debug|Any CPU
		{1EF3FDDB-0E5D-4E19-8C88-13CE20F3B2B1}.Debug|Any CPU.Build.0 = Debug|Any CPU
		{1EF3FDDB-0E5D-4E19-8C88-13CE20F3B2B1}.Release|Any CPU.ActiveCfg = Release|Any CPU
		{1EF3FDDB-0E5D-4E19-8C88-13CE20F3B2B1}.Release|Any CPU.Build.0 = Release|Any CPU
	EndGlobalSection
	GlobalSection(SolutionProperties) = preSolution
		HideSolutionNode = FALSE
	EndGlobalSection
	GlobalSection(NestedProjects) = preSolution
		{D667EE6F-DD44-4924-B7D7-1124B2392E10} = {DC326503-F763-43BE-8E20-80D09246ADD4}
		{144C4986-53B4-47E8-9ED0-A58E14601302} = {D667EE6F-DD44-4924-B7D7-1124B2392E10}
		{DC37ABAA-1156-4F4F-A906-63A46CAF5287} = {D1A96A1C-AADE-4C2C-9259-7F612F4F4B75}
	EndGlobalSection
	GlobalSection(ExtensibilityGlobals) = postSolution
		SolutionGuid = {6B44B554-F88F-406B-8DFA-90BA321BF6E6}
	EndGlobalSection
EndGlobal
